
Microsoft Visual Studio Solution File, Format Version 12.00
# Visual Studio Version 17
VisualStudioVersion = 17.8.34309.116
MinimumVisualStudioVersion = 10.0.40219.1
Project("{FAE04EC0-301F-11D3-BF4B-00C04F79EFBC}") = "ToDoList2", "ToDoList2\ToDoList2.csproj", "{29DB03D8-0262-413F-8D67-9115EBB43B40}"
EndProject
Global
	GlobalSection(SolutionConfigurationPlatforms) = preSolution
		Debug|Any CPU = Debug|Any CPU
		Release|Any CPU = Release|Any CPU
	EndGlobalSection
	GlobalSection(ProjectConfigurationPlatforms) = postSolution
		{29DB03D8-0262-413F-8D67-9115EBB43B40}.Debug|Any CPU.ActiveCfg = Debug|Any CPU
		{29DB03D8-0262-413F-8D67-9115EBB43B40}.Debug|Any CPU.Build.0 = Debug|Any CPU
		{29DB03D8-0262-413F-8D67-9115EBB43B40}.Release|Any CPU.ActiveCfg = Release|Any CPU
		{29DB03D8-0262-413F-8D67-9115EBB43B40}.Release|Any CPU.Build.0 = Release|Any CPU
	EndGlobalSection
	GlobalSection(SolutionProperties) = preSolution
		HideSolutionNode = FALSE
	EndGlobalSection
	GlobalSection(ExtensibilityGlobals) = postSolution
		SolutionGuid = {9E3A171C-FF8B-4536-96DA-E314A0B0554A}
	EndGlobalSection
EndGlobal
